{
	"version": "2.1.2",
	"lockfileVersion": 1,
	"requires": true,
	"dependencies": {
		"array-find-index": {
			"version": "1.0.2",
			"resolved": "https://registry.npmjs.org/array-find-index/-/array-find-index-1.0.2.tgz",
			"integrity": "sha512-M1HQyIXcBGtVywBt8WVdim+lrNaK7VHp99Qt5pSNziXznKHViIBbXWtfRTpEFpF/c4FdfxNAsCCwPp5phBYJtw=="
		},
		"mint-ui": {
			"version": "2.2.13",
			"resolved": "https://registry.npmjs.org/mint-ui/-/mint-ui-2.2.13.tgz",
			"integrity": "sha512-Xz1SFagHSzKOprwQv3fcekXT5RJvhh939zwZHcWeazk1OJrCjsD4I2qm49AEUCfT1AoYzC+rsZIwGP/J6LwVVw==",
			"requires": {
				"array-find-index": "^1.0.2",
				"raf.js": "0.0.4",
				"vue-lazyload": "^1.0.1"
			}
		},
		"qrcodejs2": {
			"version": "0.0.2",
			"resolved": "https://registry.npmjs.org/qrcodejs2/-/qrcodejs2-0.0.2.tgz",
			"integrity": "sha512-+Y4HA+cb6qUzdgvI3KML8GYpMFwB24dFwzMkS/yXq6hwtUGNUnZQdUnksrV1XGMc2mid5ROw5SAuY9XhI3ValA=="
		},
		"raf.js": {
			"version": "0.0.4",
			"resolved": "https://registry.npmjs.org/raf.js/-/raf.js-0.0.4.tgz",
			"integrity": "sha512-1239iw+nLUd8xbAQFQlbNEONJGAe6JQpMnSp0HTqODymjE4rGLXx+c9KaOlIldSoryVGU522NaqMn8GGBex+ZA=="
		},
		"vue-lazyload": {
			"version": "1.3.4",
			"resolved": "https://registry.npmjs.org/vue-lazyload/-/vue-lazyload-1.3.4.tgz",
			"integrity": "sha512-K0frbPQJuvFHVpdl/ov5CqCR/CHWeLGs8E8V1d/09DIETqBjeGhC1fLMmwUy3Go2Yd/VX610AZ7Mdn4B54592Q=="
		}
	}
}
