lockfileVersion: 5.4

specifiers:
  count-to: ^1.2.0
  mint-ui: ^2.2.13
  qrcodejs2: ^0.0.2

dependencies:
  count-to: 1.2.0
  mint-ui: 2.2.13
  qrcodejs2: 0.0.2

packages:

  /@babel/helper-string-parser/7.19.4:
    resolution: {integrity: sha512-nHtDoQcuqFmwYNYPz3Rah5ph2p8PFeFCsZk9A/48dPc/rGocJ5J3hAAZ7pb76VWX3fZKu+uEr/FhH5jLx7umrw==}
    engines: {node: '>=6.9.0'}
    dev: false

  /@babel/helper-validator-identifier/7.19.1:
    resolution: {integrity: sha512-awrNfaMtnHUr653GgGEs++LlAvW6w+DcPrOliSMXWCKo597CwL5Acf/wWdNkf/tfEQE3mjkeD1YOVZOUV/od1w==}
    engines: {node: '>=6.9.0'}
    dev: false

  /@babel/parser/7.21.4:
    resolution: {integrity: sha512-alVJj7k7zIxqBZ7BTRhz0IqJFxW1VJbm6N8JbcYhQ186df9ZBPbZBmWSqAMXwHGsCJdYks7z/voa3ibiS5bCIw==}
    engines: {node: '>=6.0.0'}
    hasBin: true
    dependencies:
      '@babel/types': 7.21.4
    dev: false

  /@babel/types/7.21.4:
    resolution: {integrity: sha512-rU2oY501qDxE8Pyo7i/Orqma4ziCOrby0/9mvbDUGEfvZjb279Nk9k19e2fiCxHbRRpY2ZyrgW1eq22mvmOIzA==}
    engines: {node: '>=6.9.0'}
    dependencies:
      '@babel/helper-string-parser': 7.19.4
      '@babel/helper-validator-identifier': 7.19.1
      to-fast-properties: 2.0.0
    dev: false

  /@vue/compiler-sfc/2.7.14:
    resolution: {integrity: sha512-aNmNHyLPsw+sVvlQFQ2/8sjNuLtK54TC6cuKnVzAY93ks4ZBrvwQSnkkIh7bsbNhum5hJBS00wSDipQ937f5DA==}
    dependencies:
      '@babel/parser': 7.21.4
      postcss: 8.4.21
      source-map: 0.6.1
    dev: false

  /array-find-index/1.0.2:
    resolution: {integrity: sha512-M1HQyIXcBGtVywBt8WVdim+lrNaK7VHp99Qt5pSNziXznKHViIBbXWtfRTpEFpF/c4FdfxNAsCCwPp5phBYJtw==}
    engines: {node: '>=0.10.0'}
    dev: false

  /count-to/1.2.0:
    resolution: {integrity: sha512-u2rabPXfs7o1BYp3orXtaiAJTkApAvfYOnS5TZS9HCaOdmTBsS6+efNosIusN1pfQcICfxZ+/mTvvkz36wBChg==}
    dependencies:
      countup.js: 1.9.3
      my-yaozu: 1.2.0
      vue: 2.7.14
      vue-count-to: 1.0.13
    dev: false

  /countup.js/1.9.3:
    resolution: {integrity: sha512-UHf2P/mFKaESqdPq+UdBJm/1y8lYdlcDd0nTZHNC8cxWoJwZr1Eldm1PpWui446vDl5Pd8PtRYkr3q6K4+Qa5A==}
    dev: false

  /csstype/3.1.2:
    resolution: {integrity: sha512-I7K1Uu0MBPzaFKg4nI5Q7Vs2t+3gWWW648spaF+Rg7pI9ds18Ugn+lvg4SHczUdKlHI5LWBXyqfS8+DufyBsgQ==}
    dev: false

  /mint-ui/2.2.13:
    resolution: {integrity: sha512-Xz1SFagHSzKOprwQv3fcekXT5RJvhh939zwZHcWeazk1OJrCjsD4I2qm49AEUCfT1AoYzC+rsZIwGP/J6LwVVw==}
    peerDependencies:
      vue: ^2.3.0
    dependencies:
      array-find-index: 1.0.2
      raf.js: 0.0.4
      vue-lazyload: 1.3.4
    dev: false

  /my-yaozu/1.2.0:
    resolution: {integrity: sha512-ZwuarTBM7T4+rf54D/jRMkZabajWc2WIBVFv0e+rqKsaeukL7rkXOcGMPqNBxS3KX3NORJ8w9AOgzuAnVPnkuA==}
    dependencies:
      countup.js: 1.9.3
      vue: 2.7.14
    dev: false

  /nanoid/3.3.6:
    resolution: {integrity: sha512-BGcqMMJuToF7i1rt+2PWSNVnWIkGCU78jBG3RxO/bZlnZPK2Cmi2QaffxGO/2RvWi9sL+FAiRiXMgsyxQ1DIDA==}
    engines: {node: ^10 || ^12 || ^13.7 || ^14 || >=15.0.1}
    hasBin: true
    dev: false

  /picocolors/1.0.0:
    resolution: {integrity: sha512-1fygroTLlHu66zi26VoTDv8yRgm0Fccecssto+MhsZ0D/DGW2sm8E8AjW7NU5VVTRt5GxbeZ5qBuJr+HyLYkjQ==}
    dev: false

  /postcss/8.4.21:
    resolution: {integrity: sha512-tP7u/Sn/dVxK2NnruI4H9BG+x+Wxz6oeZ1cJ8P6G/PZY0IKk4k/63TDsQf2kQq3+qoJeLm2kIBUNlZe3zgb4Zg==}
    engines: {node: ^10 || ^12 || >=14}
    dependencies:
      nanoid: 3.3.6
      picocolors: 1.0.0
      source-map-js: 1.0.2
    dev: false

  /qrcodejs2/0.0.2:
    resolution: {integrity: sha512-+Y4HA+cb6qUzdgvI3KML8GYpMFwB24dFwzMkS/yXq6hwtUGNUnZQdUnksrV1XGMc2mid5ROw5SAuY9XhI3ValA==}
    dev: false

  /raf.js/0.0.4:
    resolution: {integrity: sha512-1239iw+nLUd8xbAQFQlbNEONJGAe6JQpMnSp0HTqODymjE4rGLXx+c9KaOlIldSoryVGU522NaqMn8GGBex+ZA==}
    dev: false

  /source-map-js/1.0.2:
    resolution: {integrity: sha512-R0XvVJ9WusLiqTCEiGCmICCMplcCkIwwR11mOSD9CR5u+IXYdiseeEuXCVAjS54zqwkLcPNnmU4OeJ6tUrWhDw==}
    engines: {node: '>=0.10.0'}
    dev: false

  /source-map/0.6.1:
    resolution: {integrity: sha512-UjgapumWlbMhkBgzT7Ykc5YXUT46F0iKu8SGXq0bcwP5dz/h0Plj6enJqjz1Zbq2l5WaqYnrVbwWOWMyF3F47g==}
    engines: {node: '>=0.10.0'}
    dev: false

  /to-fast-properties/2.0.0:
    resolution: {integrity: sha512-/OaKK0xYrs3DmxRYqL/yDc+FxFUVYhDlXMhRmv3z915w2HF1tnN1omB354j8VUGO/hbRzyD6Y3sA7v7GS/ceog==}
    engines: {node: '>=4'}
    dev: false

  /vue-count-to/1.0.13:
    resolution: {integrity: sha512-6R4OVBVNtQTlcbXu6SJ8ENR35M2/CdWt3Jmv57jOUM+1ojiFmjVGvZPH8DfHpMDSA+ITs+EW5V6qthADxeyYOQ==}
    dev: false

  /vue-lazyload/1.3.4:
    resolution: {integrity: sha512-K0frbPQJuvFHVpdl/ov5CqCR/CHWeLGs8E8V1d/09DIETqBjeGhC1fLMmwUy3Go2Yd/VX610AZ7Mdn4B54592Q==}
    dev: false

  /vue/2.7.14:
    resolution: {integrity: sha512-b2qkFyOM0kwqWFuQmgd4o+uHGU7T+2z3T+WQp8UBjADfEv2n4FEMffzBmCKNP0IGzOEEfYjvtcC62xaSKeQDrQ==}
    dependencies:
      '@vue/compiler-sfc': 2.7.14
      csstype: 3.1.2
    dev: false
